
Microsoft Visual Studio Solution File, Format Version 12.00
# Visual Studio Version 17
VisualStudioVersion = 17.8.34511.84
MinimumVisualStudioVersion = 10.0.40219.1
Project("{FAE04EC0-301F-11D3-BF4B-00C04F79EFBC}") = "LinqTutorial", "LinqTutorial.csproj", "{A6E94CD1-EA10-49A9-AE52-B0BDFF112E51}"
EndProject
Global
	GlobalSection(SolutionConfigurationPlatforms) = preSolution
		Debug|Any CPU = Debug|Any CPU
		Release|Any CPU = Release|Any CPU
	EndGlobalSection
	GlobalSection(ProjectConfigurationPlatforms) = postSolution
		{A6E94CD1-EA10-49A9-AE52-B0BDFF112E51}.Debug|Any CPU.ActiveCfg = Debug|Any CPU
		{A6E94CD1-EA10-49A9-AE52-B0BDFF112E51}.Debug|Any CPU.Build.0 = Debug|Any CPU
		{A6E94CD1-EA10-49A9-AE52-B0BDFF112E51}.Release|Any CPU.ActiveCfg = Release|Any CPU
		{A6E94CD1-EA10-49A9-AE52-B0BDFF112E51}.Release|Any CPU.Build.0 = Release|Any CPU
	EndGlobalSection
	GlobalSection(SolutionProperties) = preSolution
		HideSolutionNode = FALSE
	EndGlobalSection
	GlobalSection(ExtensibilityGlobals) = postSolution
		SolutionGuid = {CEA85FC3-62A8-4E63-AC03-3FBFC0BD9E77}
	EndGlobalSection
EndGlobal
