
Microsoft Visual Studio Solution File, Format Version 12.00
# Visual Studio Version 17
VisualStudioVersion = 17.8.34511.84
MinimumVisualStudioVersion = 10.0.40219.1
Project("{FAE04EC0-301F-11D3-BF4B-00C04F79EFBC}") = "Collections", "Collections.csproj", "{0EC25A41-5EEB-4AC8-9817-6BF7C0DE4E34}"
EndProject
Global
	GlobalSection(SolutionConfigurationPlatforms) = preSolution
		Debug|Any CPU = Debug|Any CPU
		Release|Any CPU = Release|Any CPU
	EndGlobalSection
	GlobalSection(ProjectConfigurationPlatforms) = postSolution
		{0EC25A41-5EEB-4AC8-9817-6BF7C0DE4E34}.Debug|Any CPU.ActiveCfg = Debug|Any CPU
		{0EC25A41-5EEB-4AC8-9817-6BF7C0DE4E34}.Debug|Any CPU.Build.0 = Debug|Any CPU
		{0EC25A41-5EEB-4AC8-9817-6BF7C0DE4E34}.Release|Any CPU.ActiveCfg = Release|Any CPU
		{0EC25A41-5EEB-4AC8-9817-6BF7C0DE4E34}.Release|Any CPU.Build.0 = Release|Any CPU
	EndGlobalSection
	GlobalSection(SolutionProperties) = preSolution
		HideSolutionNode = FALSE
	EndGlobalSection
	GlobalSection(ExtensibilityGlobals) = postSolution
		SolutionGuid = {0CB954D8-AF16-4A6B-A31F-28D779CD2263}
	EndGlobalSection
EndGlobal
