
Microsoft Visual Studio Solution File, Format Version 12.00
# Visual Studio Version 17
VisualStudioVersion = 17.8.34511.84
MinimumVisualStudioVersion = 10.0.40219.1
Project("{FAE04EC0-301F-11D3-BF4B-00C04F79EFBC}") = "A", "A\A.csproj", "{32878538-6699-4904-B979-2BFE1A6EF01D}"
EndProject
Global
	GlobalSection(SolutionConfigurationPlatforms) = preSolution
		Debug|Any CPU = Debug|Any CPU
		Release|Any CPU = Release|Any CPU
	EndGlobalSection
	GlobalSection(ProjectConfigurationPlatforms) = postSolution
		{32878538-6699-4904-B979-2BFE1A6EF01D}.Debug|Any CPU.ActiveCfg = Debug|Any CPU
		{32878538-6699-4904-B979-2BFE1A6EF01D}.Debug|Any CPU.Build.0 = Debug|Any CPU
		{32878538-6699-4904-B979-2BFE1A6EF01D}.Release|Any CPU.ActiveCfg = Release|Any CPU
		{32878538-6699-4904-B979-2BFE1A6EF01D}.Release|Any CPU.Build.0 = Release|Any CPU
	EndGlobalSection
	GlobalSection(SolutionProperties) = preSolution
		HideSolutionNode = FALSE
	EndGlobalSection
	GlobalSection(ExtensibilityGlobals) = postSolution
		SolutionGuid = {4AC52B17-7A89-4F86-8C7B-B1F2E94361EF}
	EndGlobalSection
EndGlobal
