
Microsoft Visual Studio Solution File, Format Version 12.00
# Visual Studio Version 17
VisualStudioVersion = 17.8.34511.84
MinimumVisualStudioVersion = 10.0.40219.1
Project("{FAE04EC0-301F-11D3-BF4B-00C04F79EFBC}") = "CRUDInMVCFromScratch", "CRUDInMVCFromScratch.csproj", "{B6D65E31-D595-4CA8-B10F-6D4B7A5DAAA6}"
EndProject
Global
	GlobalSection(SolutionConfigurationPlatforms) = preSolution
		Debug|Any CPU = Debug|Any CPU
		Release|Any CPU = Release|Any CPU
	EndGlobalSection
	GlobalSection(ProjectConfigurationPlatforms) = postSolution
		{B6D65E31-D595-4CA8-B10F-6D4B7A5DAAA6}.Debug|Any CPU.ActiveCfg = Debug|Any CPU
		{B6D65E31-D595-4CA8-B10F-6D4B7A5DAAA6}.Debug|Any CPU.Build.0 = Debug|Any CPU
		{B6D65E31-D595-4CA8-B10F-6D4B7A5DAAA6}.Release|Any CPU.ActiveCfg = Release|Any CPU
		{B6D65E31-D595-4CA8-B10F-6D4B7A5DAAA6}.Release|Any CPU.Build.0 = Release|Any CPU
	EndGlobalSection
	GlobalSection(SolutionProperties) = preSolution
		HideSolutionNode = FALSE
	EndGlobalSection
	GlobalSection(ExtensibilityGlobals) = postSolution
		SolutionGuid = {42F2D420-281E-4567-956B-7D07F6A870A6}
	EndGlobalSection
EndGlobal
