
Microsoft Visual Studio Solution File, Format Version 12.00
# Visual Studio Version 17
VisualStudioVersion = 17.8.34511.84
MinimumVisualStudioVersion = 10.0.40219.1
Project("{FAE04EC0-301F-11D3-BF4B-00C04F79EFBC}") = "CrudWebAppDotnet6", "CrudWebAppDotnet6.csproj", "{93420D02-F7C1-42F3-B091-26141514DE6B}"
EndProject
Global
	GlobalSection(SolutionConfigurationPlatforms) = preSolution
		Debug|Any CPU = Debug|Any CPU
		Release|Any CPU = Release|Any CPU
	EndGlobalSection
	GlobalSection(ProjectConfigurationPlatforms) = postSolution
		{93420D02-F7C1-42F3-B091-26141514DE6B}.Debug|Any CPU.ActiveCfg = Debug|Any CPU
		{93420D02-F7C1-42F3-B091-26141514DE6B}.Debug|Any CPU.Build.0 = Debug|Any CPU
		{93420D02-F7C1-42F3-B091-26141514DE6B}.Release|Any CPU.ActiveCfg = Release|Any CPU
		{93420D02-F7C1-42F3-B091-26141514DE6B}.Release|Any CPU.Build.0 = Release|Any CPU
	EndGlobalSection
	GlobalSection(SolutionProperties) = preSolution
		HideSolutionNode = FALSE
	EndGlobalSection
	GlobalSection(ExtensibilityGlobals) = postSolution
		SolutionGuid = {06DD6E8F-57A2-434E-8788-98AC624C06D1}
	EndGlobalSection
EndGlobal
