
Microsoft Visual Studio Solution File, Format Version 12.00
# Visual Studio Version 17
VisualStudioVersion = 17.8.34511.84
MinimumVisualStudioVersion = 10.0.40219.1
Project("{FAE04EC0-301F-11D3-BF4B-00C04F79EFBC}") = "if-else Loop", "if-else Loop.csproj", "{9AEB6732-028C-4F02-B7B5-B2AAA7927D0C}"
EndProject
Global
	GlobalSection(SolutionConfigurationPlatforms) = preSolution
		Debug|Any CPU = Debug|Any CPU
		Release|Any CPU = Release|Any CPU
	EndGlobalSection
	GlobalSection(ProjectConfigurationPlatforms) = postSolution
		{9AEB6732-028C-4F02-B7B5-B2AAA7927D0C}.Debug|Any CPU.ActiveCfg = Debug|Any CPU
		{9AEB6732-028C-4F02-B7B5-B2AAA7927D0C}.Debug|Any CPU.Build.0 = Debug|Any CPU
		{9AEB6732-028C-4F02-B7B5-B2AAA7927D0C}.Release|Any CPU.ActiveCfg = Release|Any CPU
		{9AEB6732-028C-4F02-B7B5-B2AAA7927D0C}.Release|Any CPU.Build.0 = Release|Any CPU
	EndGlobalSection
	GlobalSection(SolutionProperties) = preSolution
		HideSolutionNode = FALSE
	EndGlobalSection
	GlobalSection(ExtensibilityGlobals) = postSolution
		SolutionGuid = {C348F37A-A834-4842-8E88-768182478E04}
	EndGlobalSection
EndGlobal
